PODS:
  - SAMContentMode (0.1.0)
  - SAMCoreImageView (0.1.1):
    - SAMContentMode

DEPENDENCIES:
  - SAMCoreImageView (from `../`)

EXTERNAL SOURCES:
  SAMCoreImageView:
    :path: ../

SPEC CHECKSUMS:
  SAMContentMode: 46539afe936f04047e541714d4ace595b65c09eb
  SAMCoreImageView: 7e3f8c6d0fc792b710056a5c0f09939a82b0a499

COCOAPODS: 0.29.0
