PODS:
  - SAMContentMode (0.1.3)
  - SAMCoreImageView (0.1.4):
    - SAMContentMode

DEPENDENCIES:
  - SAMCoreImageView (from `../`)

EXTERNAL SOURCES:
  SAMCoreImageView:
    :path: "../"

SPEC CHECKSUMS:
  SAMContentMode: 4bce04c3d5d7eab19a8e7cf790836775fed8ad05
  SAMCoreImageView: 329edc0da1ef38cca61317eb0431ccccc9f6ede7

PODFILE CHECKSUM: ed0b6b61a652369ff6cf2f7975b6a8138eb5ef6a

COCOAPODS: 1.1.0.rc.2
